
Microsoft Visual Studio Solution File, Format Version 12.00
# Visual Studio Version 16
VisualStudioVersion = 16.0.32413.511
MinimumVisualStudioVersion = 10.0.40219.1
Project("{FAE04EC0-301F-11D3-BF4B-00C04F79EFBC}") = "Diplom_Beloborodov", "Diplom_Beloborodov\Diplom_Beloborodov.csproj", "{266A6178-22A5-42CE-844D-6ECCD5148891}"
EndProject
Global
	GlobalSection(SolutionConfigurationPlatforms) = preSolution
		Debug|Any CPU = Debug|Any CPU
		Release|Any CPU = Release|Any CPU
	EndGlobalSection
	GlobalSection(ProjectConfigurationPlatforms) = postSolution
		{266A6178-22A5-42CE-844D-6ECCD5148891}.Debug|Any CPU.ActiveCfg = Debug|Any CPU
		{266A6178-22A5-42CE-844D-6ECCD5148891}.Debug|Any CPU.Build.0 = Debug|Any CPU
		{266A6178-22A5-42CE-844D-6ECCD5148891}.Release|Any CPU.ActiveCfg = Release|Any CPU
		{266A6178-22A5-42CE-844D-6ECCD5148891}.Release|Any CPU.Build.0 = Release|Any CPU
	EndGlobalSection
	GlobalSection(SolutionProperties) = preSolution
		HideSolutionNode = FALSE
	EndGlobalSection
	GlobalSection(ExtensibilityGlobals) = postSolution
		SolutionGuid = {F9A1EEF1-7576-4284-A1BB-205521BF728C}
	EndGlobalSection
EndGlobal
